// !$*UTF8*$!
{
	archiveVersion = 1;
	classes = {
	};
	objectVersion = 50;
	objects = {

/* Begin PBXBuildFile section */
		212525CE22D7ACD600D6309A /* ContactDetailViewController.swift in Sources */ = {isa = PBXBuildFile; fileRef = 212525CD22D7ACD600D6309A /* ContactDetailViewController.swift */; };
		212525D022D7DEC600D6309A /* UIViewControllerExtension.swift in Sources */ = {isa = PBXBuildFile; fileRef = 212525CF22D7DEC600D6309A /* UIViewControllerExtension.swift */; };
		21872A9122D65BC5002DCFC0 /* AppDelegate.swift in Sources */ = {isa = PBXBuildFile; fileRef = 21872A9022D65BC5002DCFC0 /* AppDelegate.swift */; };
		21872A9322D65BC5002DCFC0 /* ViewController.swift in Sources */ = {isa = PBXBuildFile; fileRef = 21872A9222D65BC5002DCFC0 /* ViewController.swift */; };
		21872A9622D65BC5002DCFC0 /* Main.storyboard in Resources */ = {isa = PBXBuildFile; fileRef = 21872A9422D65BC5002DCFC0 /* Main.storyboard */; };
		21872A9822D65BC7002DCFC0 /* Assets.xcassets in Resources */ = {isa = PBXBuildFile; fileRef = 21872A9722D65BC7002DCFC0 /* Assets.xcassets */; };
		21872A9B22D65BC7002DCFC0 /* LaunchScreen.storyboard in Resources */ = {isa = PBXBuildFile; fileRef = 21872A9922D65BC7002DCFC0 /* LaunchScreen.storyboard */; };
		21872AA622D65BC7002DCFC0 /* Go_ContactsTests.swift in Sources */ = {isa = PBXBuildFile; fileRef = 21872AA522D65BC7002DCFC0 /* Go_ContactsTests.swift */; };
		21872AB122D65BC7002DCFC0 /* Go_ContactsUITests.swift in Sources */ = {isa = PBXBuildFile; fileRef = 21872AB022D65BC7002DCFC0 /* Go_ContactsUITests.swift */; };
		21872AC122D6750E002DCFC0 /* Contact.swift in Sources */ = {isa = PBXBuildFile; fileRef = 21872AC022D6750E002DCFC0 /* Contact.swift */; };
		21872AC322D67A14002DCFC0 /* Constants.swift in Sources */ = {isa = PBXBuildFile; fileRef = 21872AC222D67A14002DCFC0 /* Constants.swift */; };
		21872AC622D6874C002DCFC0 /* HeaderCell.swift in Sources */ = {isa = PBXBuildFile; fileRef = 21872AC522D6874C002DCFC0 /* HeaderCell.swift */; };
		21872AC822D687B9002DCFC0 /* ContactCell.swift in Sources */ = {isa = PBXBuildFile; fileRef = 21872AC722D687B9002DCFC0 /* ContactCell.swift */; };
		21872ACB22D689A2002DCFC0 /* UIImageViewExtension.swift in Sources */ = {isa = PBXBuildFile; fileRef = 21872ACA22D689A2002DCFC0 /* UIImageViewExtension.swift */; };
		21872ACF22D68E68002DCFC0 /* ContactsListingViewController.swift in Sources */ = {isa = PBXBuildFile; fileRef = 21872ACE22D68E68002DCFC0 /* ContactsListingViewController.swift */; };
		21872AD222D690AB002DCFC0 /* ContactManager.swift in Sources */ = {isa = PBXBuildFile; fileRef = 21872AD122D690AB002DCFC0 /* ContactManager.swift */; };
		21872AD522D6914D002DCFC0 /* NetworkManager.swift in Sources */ = {isa = PBXBuildFile; fileRef = 21872AD422D6914D002DCFC0 /* NetworkManager.swift */; };
/* End PBXBuildFile section */

/* Begin PBXContainerItemProxy section */
		21872AA222D65BC7002DCFC0 /* PBXContainerItemProxy */ = {
			isa = PBXContainerItemProxy;
			containerPortal = 21872A8522D65BC5002DCFC0 /* Project object */;
			proxyType = 1;
			remoteGlobalIDString = 21872A8C22D65BC5002DCFC0;
			remoteInfo = "Go-Contacts";
		};
		21872AAD22D65BC7002DCFC0 /* PBXContainerItemProxy */ = {
			isa = PBXContainerItemProxy;
			containerPortal = 21872A8522D65BC5002DCFC0 /* Project object */;
			proxyType = 1;
			remoteGlobalIDString = 21872A8C22D65BC5002DCFC0;
			remoteInfo = "Go-Contacts";
		};
/* End PBXContainerItemProxy section */

/* Begin PBXFileReference section */
		212525CD22D7ACD600D6309A /* ContactDetailViewController.swift */ = {isa = PBXFileReference; lastKnownFileType = sourcecode.swift; path = ContactDetailViewController.swift; sourceTree = "<group>"; };
		212525CF22D7DEC600D6309A /* UIViewControllerExtension.swift */ = {isa = PBXFileReference; lastKnownFileType = sourcecode.swift; path = UIViewControllerExtension.swift; sourceTree = "<group>"; };
		21872A8D22D65BC5002DCFC0 /* Go-Contacts.app */ = {isa = PBXFileReference; explicitFileType = wrapper.application; includeInIndex = 0; path = "Go-Contacts.app"; sourceTree = BUILT_PRODUCTS_DIR; };
		21872A9022D65BC5002DCFC0 /* AppDelegate.swift */ = {isa = PBXFileReference; lastKnownFileType = sourcecode.swift; path = AppDelegate.swift; sourceTree = "<group>"; };
		21872A9222D65BC5002DCFC0 /* ViewController.swift */ = {isa = PBXFileReference; lastKnownFileType = sourcecode.swift; path = ViewController.swift; sourceTree = "<group>"; };
		21872A9522D65BC5002DCFC0 /* Base */ = {isa = PBXFileReference; lastKnownFileType = file.storyboard; name = Base; path = Base.lproj/Main.storyboard; sourceTree = "<group>"; };
		21872A9722D65BC7002DCFC0 /* Assets.xcassets */ = {isa = PBXFileReference; lastKnownFileType = folder.assetcatalog; path = Assets.xcassets; sourceTree = "<group>"; };
		21872A9A22D65BC7002DCFC0 /* Base */ = {isa = PBXFileReference; lastKnownFileType = file.storyboard; name = Base; path = Base.lproj/LaunchScreen.storyboard; sourceTree = "<group>"; };
		21872A9C22D65BC7002DCFC0 /* Info.plist */ = {isa = PBXFileReference; lastKnownFileType = text.plist.xml; path = Info.plist; sourceTree = "<group>"; };
		21872AA122D65BC7002DCFC0 /* Go-ContactsTests.xctest */ = {isa = PBXFileReference; explicitFileType = wrapper.cfbundle; includeInIndex = 0; path = "Go-ContactsTests.xctest"; sourceTree = BUILT_PRODUCTS_DIR; };
		21872AA522D65BC7002DCFC0 /* Go_ContactsTests.swift */ = {isa = PBXFileReference; lastKnownFileType = sourcecode.swift; path = Go_ContactsTests.swift; sourceTree = "<group>"; };
		21872AA722D65BC7002DCFC0 /* Info.plist */ = {isa = PBXFileReference; lastKnownFileType = text.plist.xml; path = Info.plist; sourceTree = "<group>"; };
		21872AAC22D65BC7002DCFC0 /* Go-ContactsUITests.xctest */ = {isa = PBXFileReference; explicitFileType = wrapper.cfbundle; includeInIndex = 0; path = "Go-ContactsUITests.xctest"; sourceTree = BUILT_PRODUCTS_DIR; };
		21872AB022D65BC7002DCFC0 /* Go_ContactsUITests.swift */ = {isa = PBXFileReference; lastKnownFileType = sourcecode.swift; path = Go_ContactsUITests.swift; sourceTree = "<group>"; };
		21872AB222D65BC7002DCFC0 /* Info.plist */ = {isa = PBXFileReference; lastKnownFileType = text.plist.xml; path = Info.plist; sourceTree = "<group>"; };
		21872AC022D6750E002DCFC0 /* Contact.swift */ = {isa = PBXFileReference; lastKnownFileType = sourcecode.swift; path = Contact.swift; sourceTree = "<group>"; };
		21872AC222D67A14002DCFC0 /* Constants.swift */ = {isa = PBXFileReference; lastKnownFileType = sourcecode.swift; path = Constants.swift; sourceTree = "<group>"; };
		21872AC522D6874C002DCFC0 /* HeaderCell.swift */ = {isa = PBXFileReference; lastKnownFileType = sourcecode.swift; path = HeaderCell.swift; sourceTree = "<group>"; };
		21872AC722D687B9002DCFC0 /* ContactCell.swift */ = {isa = PBXFileReference; lastKnownFileType = sourcecode.swift; path = ContactCell.swift; sourceTree = "<group>"; };
		21872ACA22D689A2002DCFC0 /* UIImageViewExtension.swift */ = {isa = PBXFileReference; lastKnownFileType = sourcecode.swift; path = UIImageViewExtension.swift; sourceTree = "<group>"; };
		21872ACE22D68E68002DCFC0 /* ContactsListingViewController.swift */ = {isa = PBXFileReference; lastKnownFileType = sourcecode.swift; path = ContactsListingViewController.swift; sourceTree = "<group>"; };
		21872AD122D690AB002DCFC0 /* ContactManager.swift */ = {isa = PBXFileReference; lastKnownFileType = sourcecode.swift; path = ContactManager.swift; sourceTree = "<group>"; };
		21872AD422D6914D002DCFC0 /* NetworkManager.swift */ = {isa = PBXFileReference; lastKnownFileType = sourcecode.swift; path = NetworkManager.swift; sourceTree = "<group>"; };
/* End PBXFileReference section */

/* Begin PBXFrameworksBuildPhase section */
		21872A8A22D65BC5002DCFC0 /* Frameworks */ = {
			isa = PBXFrameworksBuildPhase;
			buildActionMask = 2147483647;
			files = (
			);
			runOnlyForDeploymentPostprocessing = 0;
		};
		21872A9E22D65BC7002DCFC0 /* Frameworks */ = {
			isa = PBXFrameworksBuildPhase;
			buildActionMask = 2147483647;
			files = (
			);
			runOnlyForDeploymentPostprocessing = 0;
		};
		21872AA922D65BC7002DCFC0 /* Frameworks */ = {
			isa = PBXFrameworksBuildPhase;
			buildActionMask = 2147483647;
			files = (
			);
			runOnlyForDeploymentPostprocessing = 0;
		};
/* End PBXFrameworksBuildPhase section */

/* Begin PBXGroup section */
		21872A8422D65BC5002DCFC0 = {
			isa = PBXGroup;
			children = (
				21872A8F22D65BC5002DCFC0 /* Go-Contacts */,
				21872AA422D65BC7002DCFC0 /* Go-ContactsTests */,
				21872AAF22D65BC7002DCFC0 /* Go-ContactsUITests */,
				21872A8E22D65BC5002DCFC0 /* Products */,
			);
			sourceTree = "<group>";
		};
		21872A8E22D65BC5002DCFC0 /* Products */ = {
			isa = PBXGroup;
			children = (
				21872A8D22D65BC5002DCFC0 /* Go-Contacts.app */,
				21872AA122D65BC7002DCFC0 /* Go-ContactsTests.xctest */,
				21872AAC22D65BC7002DCFC0 /* Go-ContactsUITests.xctest */,
			);
			name = Products;
			sourceTree = "<group>";
		};
		21872A8F22D65BC5002DCFC0 /* Go-Contacts */ = {
			isa = PBXGroup;
			children = (
				21872AD322D6912F002DCFC0 /* NetworkServices */,
				21872AD022D69093002DCFC0 /* Presenters */,
				21872ACD22D68E35002DCFC0 /* ViewControllers */,
				21872AC922D68986002DCFC0 /* Extensions */,
				21872AC422D6872F002DCFC0 /* TableViewCells */,
				21872ABE22D674D1002DCFC0 /* models */,
				21872A9022D65BC5002DCFC0 /* AppDelegate.swift */,
				21872A9222D65BC5002DCFC0 /* ViewController.swift */,
				21872A9422D65BC5002DCFC0 /* Main.storyboard */,
				21872A9722D65BC7002DCFC0 /* Assets.xcassets */,
				21872A9922D65BC7002DCFC0 /* LaunchScreen.storyboard */,
				21872A9C22D65BC7002DCFC0 /* Info.plist */,
			);
			path = "Go-Contacts";
			sourceTree = "<group>";
		};
		21872AA422D65BC7002DCFC0 /* Go-ContactsTests */ = {
			isa = PBXGroup;
			children = (
				21872AA522D65BC7002DCFC0 /* Go_ContactsTests.swift */,
				21872AA722D65BC7002DCFC0 /* Info.plist */,
			);
			path = "Go-ContactsTests";
			sourceTree = "<group>";
		};
		21872AAF22D65BC7002DCFC0 /* Go-ContactsUITests */ = {
			isa = PBXGroup;
			children = (
				21872AB022D65BC7002DCFC0 /* Go_ContactsUITests.swift */,
				21872AB222D65BC7002DCFC0 /* Info.plist */,
			);
			path = "Go-ContactsUITests";
			sourceTree = "<group>";
		};
		21872ABE22D674D1002DCFC0 /* models */ = {
			isa = PBXGroup;
			children = (
				21872AC022D6750E002DCFC0 /* Contact.swift */,
				21872AC222D67A14002DCFC0 /* Constants.swift */,
			);
			path = models;
			sourceTree = "<group>";
		};
		21872AC422D6872F002DCFC0 /* TableViewCells */ = {
			isa = PBXGroup;
			children = (
				21872AC522D6874C002DCFC0 /* HeaderCell.swift */,
				21872AC722D687B9002DCFC0 /* ContactCell.swift */,
			);
			path = TableViewCells;
			sourceTree = "<group>";
		};
		21872AC922D68986002DCFC0 /* Extensions */ = {
			isa = PBXGroup;
			children = (
				21872ACA22D689A2002DCFC0 /* UIImageViewExtension.swift */,
				212525CF22D7DEC600D6309A /* UIViewControllerExtension.swift */,
			);
			path = Extensions;
			sourceTree = "<group>";
		};
		21872ACD22D68E35002DCFC0 /* ViewControllers */ = {
			isa = PBXGroup;
			children = (
				21872ACE22D68E68002DCFC0 /* ContactsListingViewController.swift */,
				212525CD22D7ACD600D6309A /* ContactDetailViewController.swift */,
			);
			path = ViewControllers;
			sourceTree = "<group>";
		};
		21872AD022D69093002DCFC0 /* Presenters */ = {
			isa = PBXGroup;
			children = (
				21872AD122D690AB002DCFC0 /* ContactManager.swift */,
			);
			path = Presenters;
			sourceTree = "<group>";
		};
		21872AD322D6912F002DCFC0 /* NetworkServices */ = {
			isa = PBXGroup;
			children = (
				21872AD422D6914D002DCFC0 /* NetworkManager.swift */,
			);
			path = NetworkServices;
			sourceTree = "<group>";
		};
/* End PBXGroup section */

/* Begin PBXNativeTarget section */
		21872A8C22D65BC5002DCFC0 /* Go-Contacts */ = {
			isa = PBXNativeTarget;
			buildConfigurationList = 21872AB522D65BC7002DCFC0 /* Build configuration list for PBXNativeTarget "Go-Contacts" */;
			buildPhases = (
				21872A8922D65BC5002DCFC0 /* Sources */,
				21872A8A22D65BC5002DCFC0 /* Frameworks */,
				21872A8B22D65BC5002DCFC0 /* Resources */,
			);
			buildRules = (
			);
			dependencies = (
			);
			name = "Go-Contacts";
			productName = "Go-Contacts";
			productReference = 21872A8D22D65BC5002DCFC0 /* Go-Contacts.app */;
			productType = "com.apple.product-type.application";
		};
		21872AA022D65BC7002DCFC0 /* Go-ContactsTests */ = {
			isa = PBXNativeTarget;
			buildConfigurationList = 21872AB822D65BC7002DCFC0 /* Build configuration list for PBXNativeTarget "Go-ContactsTests" */;
			buildPhases = (
				21872A9D22D65BC7002DCFC0 /* Sources */,
				21872A9E22D65BC7002DCFC0 /* Frameworks */,
				21872A9F22D65BC7002DCFC0 /* Resources */,
			);
			buildRules = (
			);
			dependencies = (
				21872AA322D65BC7002DCFC0 /* PBXTargetDependency */,
			);
			name = "Go-ContactsTests";
			productName = "Go-ContactsTests";
			productReference = 21872AA122D65BC7002DCFC0 /* Go-ContactsTests.xctest */;
			productType = "com.apple.product-type.bundle.unit-test";
		};
		21872AAB22D65BC7002DCFC0 /* Go-ContactsUITests */ = {
			isa = PBXNativeTarget;
			buildConfigurationList = 21872ABB22D65BC7002DCFC0 /* Build configuration list for PBXNativeTarget "Go-ContactsUITests" */;
			buildPhases = (
				21872AA822D65BC7002DCFC0 /* Sources */,
				21872AA922D65BC7002DCFC0 /* Frameworks */,
				21872AAA22D65BC7002DCFC0 /* Resources */,
			);
			buildRules = (
			);
			dependencies = (
				21872AAE22D65BC7002DCFC0 /* PBXTargetDependency */,
			);
			name = "Go-ContactsUITests";
			productName = "Go-ContactsUITests";
			productReference = 21872AAC22D65BC7002DCFC0 /* Go-ContactsUITests.xctest */;
			productType = "com.apple.product-type.bundle.ui-testing";
		};
/* End PBXNativeTarget section */

/* Begin PBXProject section */
		21872A8522D65BC5002DCFC0 /* Project object */ = {
			isa = PBXProject;
			attributes = {
				LastSwiftUpdateCheck = 1020;
				LastUpgradeCheck = 1020;
				ORGANIZATIONNAME = "Shubhang Dixit";
				TargetAttributes = {
					21872A8C22D65BC5002DCFC0 = {
						CreatedOnToolsVersion = 10.2.1;
					};
					21872AA022D65BC7002DCFC0 = {
						CreatedOnToolsVersion = 10.2.1;
						TestTargetID = 21872A8C22D65BC5002DCFC0;
					};
					21872AAB22D65BC7002DCFC0 = {
						CreatedOnToolsVersion = 10.2.1;
						TestTargetID = 21872A8C22D65BC5002DCFC0;
					};
				};
			};
			buildConfigurationList = 21872A8822D65BC5002DCFC0 /* Build configuration list for PBXProject "Go-Contacts" */;
			compatibilityVersion = "Xcode 9.3";
			developmentRegion = en;
			hasScannedForEncodings = 0;
			knownRegions = (
				en,
				Base,
			);
			mainGroup = 21872A8422D65BC5002DCFC0;
			productRefGroup = 21872A8E22D65BC5002DCFC0 /* Products */;
			projectDirPath = "";
			projectRoot = "";
			targets = (
				21872A8C22D65BC5002DCFC0 /* Go-Contacts */,
				21872AA022D65BC7002DCFC0 /* Go-ContactsTests */,
				21872AAB22D65BC7002DCFC0 /* Go-ContactsUITests */,
			);
		};
/* End PBXProject section */

/* Begin PBXResourcesBuildPhase section */
		21872A8B22D65BC5002DCFC0 /* Resources */ = {
			isa = PBXResourcesBuildPhase;
			buildActionMask = 2147483647;
			files = (
				21872A9B22D65BC7002DCFC0 /* LaunchScreen.storyboard in Resources */,
				21872A9822D65BC7002DCFC0 /* Assets.xcassets in Resources */,
				21872A9622D65BC5002DCFC0 /* Main.storyboard in Resources */,
			);
			runOnlyForDeploymentPostprocessing = 0;
		};
		21872A9F22D65BC7002DCFC0 /* Resources */ = {
			isa = PBXResourcesBuildPhase;
			buildActionMask = 2147483647;
			files = (
			);
			runOnlyForDeploymentPostprocessing = 0;
		};
		21872AAA22D65BC7002DCFC0 /* Resources */ = {
			isa = PBXResourcesBuildPhase;
			buildActionMask = 2147483647;
			files = (
			);
			runOnlyForDeploymentPostprocessing = 0;
		};
/* End PBXResourcesBuildPhase section */

/* Begin PBXSourcesBuildPhase section */
		21872A8922D65BC5002DCFC0 /* Sources */ = {
			isa = PBXSourcesBuildPhase;
			buildActionMask = 2147483647;
			files = (
				21872AC822D687B9002DCFC0 /* ContactCell.swift in Sources */,
				21872ACB22D689A2002DCFC0 /* UIImageViewExtension.swift in Sources */,
				21872AD522D6914D002DCFC0 /* NetworkManager.swift in Sources */,
				21872AC122D6750E002DCFC0 /* Contact.swift in Sources */,
				21872AC622D6874C002DCFC0 /* HeaderCell.swift in Sources */,
				21872A9322D65BC5002DCFC0 /* ViewController.swift in Sources */,
				21872A9122D65BC5002DCFC0 /* AppDelegate.swift in Sources */,
				21872ACF22D68E68002DCFC0 /* ContactsListingViewController.swift in Sources */,
				212525D022D7DEC600D6309A /* UIViewControllerExtension.swift in Sources */,
				212525CE22D7ACD600D6309A /* ContactDetailViewController.swift in Sources */,
				21872AD222D690AB002DCFC0 /* ContactManager.swift in Sources */,
				21872AC322D67A14002DCFC0 /* Constants.swift in Sources */,
			);
			runOnlyForDeploymentPostprocessing = 0;
		};
		21872A9D22D65BC7002DCFC0 /* Sources */ = {
			isa = PBXSourcesBuildPhase;
			buildActionMask = 2147483647;
			files = (
				21872AA622D65BC7002DCFC0 /* Go_ContactsTests.swift in Sources */,
			);
			runOnlyForDeploymentPostprocessing = 0;
		};
		21872AA822D65BC7002DCFC0 /* Sources */ = {
			isa = PBXSourcesBuildPhase;
			buildActionMask = 2147483647;
			files = (
				21872AB122D65BC7002DCFC0 /* Go_ContactsUITests.swift in Sources */,
			);
			runOnlyForDeploymentPostprocessing = 0;
		};
/* End PBXSourcesBuildPhase section */

/* Begin PBXTargetDependency section */
		21872AA322D65BC7002DCFC0 /* PBXTargetDependency */ = {
			isa = PBXTargetDependency;
			target = 21872A8C22D65BC5002DCFC0 /* Go-Contacts */;
			targetProxy = 21872AA222D65BC7002DCFC0 /* PBXContainerItemProxy */;
		};
		21872AAE22D65BC7002DCFC0 /* PBXTargetDependency */ = {
			isa = PBXTargetDependency;
			target = 21872A8C22D65BC5002DCFC0 /* Go-Contacts */;
			targetProxy = 21872AAD22D65BC7002DCFC0 /* PBXContainerItemProxy */;
		};
/* End PBXTargetDependency section */

/* Begin PBXVariantGroup section */
		21872A9422D65BC5002DCFC0 /* Main.storyboard */ = {
			isa = PBXVariantGroup;
			children = (
				21872A9522D65BC5002DCFC0 /* Base */,
			);
			name = Main.storyboard;
			sourceTree = "<group>";
		};
		21872A9922D65BC7002DCFC0 /* LaunchScreen.storyboard */ = {
			isa = PBXVariantGroup;
			children = (
				21872A9A22D65BC7002DCFC0 /* Base */,
			);
			name = LaunchScreen.storyboard;
			sourceTree = "<group>";
		};
/* End PBXVariantGroup section */

/* Begin XCBuildConfiguration section */
		21872AB322D65BC7002DCFC0 /* Debug */ = {
			isa = XCBuildConfiguration;
			buildSettings = {
				ALWAYS_SEARCH_USER_PATHS = NO;
				CLANG_ANALYZER_NONNULL = YES;
				CLANG_ANALYZER_NUMBER_OBJECT_CONVERSION = YES_AGGRESSIVE;
				CLANG_CXX_LANGUAGE_STANDARD = "gnu++14";
				CLANG_CXX_LIBRARY = "libc++";
				CLANG_ENABLE_MODULES = YES;
				CLANG_ENABLE_OBJC_ARC = YES;
				CLANG_ENABLE_OBJC_WEAK = YES;
				CLANG_WARN_BLOCK_CAPTURE_AUTORELEASING = YES;
				CLANG_WARN_BOOL_CONVERSION = YES;
				CLANG_WARN_COMMA = YES;
				CLANG_WARN_CONSTANT_CONVERSION = YES;
				CLANG_WARN_DEPRECATED_OBJC_IMPLEMENTATIONS = YES;
				CLANG_WARN_DIRECT_OBJC_ISA_USAGE = YES_ERROR;
				CLANG_WARN_DOCUMENTATION_COMMENTS = YES;
				CLANG_WARN_EMPTY_BODY = YES;
				CLANG_WARN_ENUM_CONVERSION = YES;
				CLANG_WARN_INFINITE_RECURSION = YES;
				CLANG_WARN_INT_CONVERSION = YES;
				CLANG_WARN_NON_LITERAL_NULL_CONVERSION = YES;
				CLANG_WARN_OBJC_IMPLICIT_RETAIN_SELF = YES;
				CLANG_WARN_OBJC_LITERAL_CONVERSION = YES;
				CLANG_WARN_OBJC_ROOT_CLASS = YES_ERROR;
				CLANG_WARN_RANGE_LOOP_ANALYSIS = YES;
				CLANG_WARN_STRICT_PROTOTYPES = YES;
				CLANG_WARN_SUSPICIOUS_MOVE = YES;
				CLANG_WARN_UNGUARDED_AVAILABILITY = YES_AGGRESSIVE;
				CLANG_WARN_UNREACHABLE_CODE = YES;
				CLANG_WARN__DUPLICATE_METHOD_MATCH = YES;
				CODE_SIGN_IDENTITY = "iPhone Developer";
				COPY_PHASE_STRIP = NO;
				DEBUG_INFORMATION_FORMAT = dwarf;
				ENABLE_STRICT_OBJC_MSGSEND = YES;
				ENABLE_TESTABILITY = YES;
				GCC_C_LANGUAGE_STANDARD = gnu11;
				GCC_DYNAMIC_NO_PIC = NO;
				GCC_NO_COMMON_BLOCKS = YES;
				GCC_OPTIMIZATION_LEVEL = 0;
				GCC_PREPROCESSOR_DEFINITIONS = (
					"DEBUG=1",
					"$(inherited)",
				);
				GCC_WARN_64_TO_32_BIT_CONVERSION = YES;
				GCC_WARN_ABOUT_RETURN_TYPE = YES_ERROR;
				GCC_WARN_UNDECLARED_SELECTOR = YES;
				GCC_WARN_UNINITIALIZED_AUTOS = YES_AGGRESSIVE;
				GCC_WARN_UNUSED_FUNCTION = YES;
				GCC_WARN_UNUSED_VARIABLE = YES;
				IPHONEOS_DEPLOYMENT_TARGET = 12.2;
				MTL_ENABLE_DEBUG_INFO = INCLUDE_SOURCE;
				MTL_FAST_MATH = YES;
				ONLY_ACTIVE_ARCH = YES;
				SDKROOT = iphoneos;
				SWIFT_ACTIVE_COMPILATION_CONDITIONS = DEBUG;
				SWIFT_OPTIMIZATION_LEVEL = "-Onone";
			};
			name = Debug;
		};
		21872AB422D65BC7002DCFC0 /* Release */ = {
			isa = XCBuildConfiguration;
			buildSettings = {
				ALWAYS_SEARCH_USER_PATHS = NO;
				CLANG_ANALYZER_NONNULL = YES;
				CLANG_ANALYZER_NUMBER_OBJECT_CONVERSION = YES_AGGRESSIVE;
				CLANG_CXX_LANGUAGE_STANDARD = "gnu++14";
				CLANG_CXX_LIBRARY = "libc++";
				CLANG_ENABLE_MODULES = YES;
				CLANG_ENABLE_OBJC_ARC = YES;
				CLANG_ENABLE_OBJC_WEAK = YES;
				CLANG_WARN_BLOCK_CAPTURE_AUTORELEASING = YES;
				CLANG_WARN_BOOL_CONVERSION = YES;
				CLANG_WARN_COMMA = YES;
				CLANG_WARN_CONSTANT_CONVERSION = YES;
				CLANG_WARN_DEPRECATED_OBJC_IMPLEMENTATIONS = YES;
				CLANG_WARN_DIRECT_OBJC_ISA_USAGE = YES_ERROR;
				CLANG_WARN_DOCUMENTATION_COMMENTS = YES;
				CLANG_WARN_EMPTY_BODY = YES;
				CLANG_WARN_ENUM_CONVERSION = YES;
				CLANG_WARN_INFINITE_RECURSION = YES;
				CLANG_WARN_INT_CONVERSION = YES;
				CLANG_WARN_NON_LITERAL_NULL_CONVERSION = YES;
				CLANG_WARN_OBJC_IMPLICIT_RETAIN_SELF = YES;
				CLANG_WARN_OBJC_LITERAL_CONVERSION = YES;
				CLANG_WARN_OBJC_ROOT_CLASS = YES_ERROR;
				CLANG_WARN_RANGE_LOOP_ANALYSIS = YES;
				CLANG_WARN_STRICT_PROTOTYPES = YES;
				CLANG_WARN_SUSPICIOUS_MOVE = YES;
				CLANG_WARN_UNGUARDED_AVAILABILITY = YES_AGGRESSIVE;
				CLANG_WARN_UNREACHABLE_CODE = YES;
				CLANG_WARN__DUPLICATE_METHOD_MATCH = YES;
				CODE_SIGN_IDENTITY = "iPhone Developer";
				COPY_PHASE_STRIP = NO;
				DEBUG_INFORMATION_FORMAT = "dwarf-with-dsym";
				ENABLE_NS_ASSERTIONS = NO;
				ENABLE_STRICT_OBJC_MSGSEND = YES;
				GCC_C_LANGUAGE_STANDARD = gnu11;
				GCC_NO_COMMON_BLOCKS = YES;
				GCC_WARN_64_TO_32_BIT_CONVERSION = YES;
				GCC_WARN_ABOUT_RETURN_TYPE = YES_ERROR;
				GCC_WARN_UNDECLARED_SELECTOR = YES;
				GCC_WARN_UNINITIALIZED_AUTOS = YES_AGGRESSIVE;
				GCC_WARN_UNUSED_FUNCTION = YES;
				GCC_WARN_UNUSED_VARIABLE = YES;
				IPHONEOS_DEPLOYMENT_TARGET = 12.2;
				MTL_ENABLE_DEBUG_INFO = NO;
				MTL_FAST_MATH = YES;
				SDKROOT = iphoneos;
				SWIFT_COMPILATION_MODE = wholemodule;
				SWIFT_OPTIMIZATION_LEVEL = "-O";
				VALIDATE_PRODUCT = YES;
			};
			name = Release;
		};
		21872AB622D65BC7002DCFC0 /* Debug */ = {
			isa = XCBuildConfiguration;
			buildSettings = {
				ASSETCATALOG_COMPILER_APPICON_NAME = AppIcon;
				CODE_SIGN_STYLE = Manual;
				DEVELOPMENT_TEAM = 849UP4BSN8;
				INFOPLIST_FILE = "Go-Contacts/Info.plist";
				IPHONEOS_DEPLOYMENT_TARGET = 10.0;
				LD_RUNPATH_SEARCH_PATHS = (
					"$(inherited)",
					"@executable_path/Frameworks",
				);
				PRODUCT_BUNDLE_IDENTIFIER = com.ymedialabs.devteam;
				PRODUCT_NAME = "$(TARGET_NAME)";
				PROVISIONING_PROFILE_SPECIFIER = "Dev Team";
				SWIFT_VERSION = 5.0;
				TARGETED_DEVICE_FAMILY = "1,2";
			};
			name = Debug;
		};
		21872AB722D65BC7002DCFC0 /* Release */ = {
			isa = XCBuildConfiguration;
			buildSettings = {
				ASSETCATALOG_COMPILER_APPICON_NAME = AppIcon;
				CODE_SIGN_STYLE = Manual;
				DEVELOPMENT_TEAM = 849UP4BSN8;
				INFOPLIST_FILE = "Go-Contacts/Info.plist";
				IPHONEOS_DEPLOYMENT_TARGET = 10.0;
				LD_RUNPATH_SEARCH_PATHS = (
					"$(inherited)",
					"@executable_path/Frameworks",
				);
				PRODUCT_BUNDLE_IDENTIFIER = com.ymedialabs.devteam;
				PRODUCT_NAME = "$(TARGET_NAME)";
				PROVISIONING_PROFILE_SPECIFIER = "Dev Team";
				SWIFT_VERSION = 5.0;
				TARGETED_DEVICE_FAMILY = "1,2";
			};
			name = Release;
		};
		21872AB922D65BC7002DCFC0 /* Debug */ = {
			isa = XCBuildConfiguration;
			buildSettings = {
				ALWAYS_EMBED_SWIFT_STANDARD_LIBRARIES = YES;
				BUNDLE_LOADER = "$(TEST_HOST)";
				CODE_SIGN_STYLE = Automatic;
				INFOPLIST_FILE = "Go-ContactsTests/Info.plist";
				LD_RUNPATH_SEARCH_PATHS = (
					"$(inherited)",
					"@executable_path/Frameworks",
					"@loader_path/Frameworks",
				);
				PRODUCT_BUNDLE_IDENTIFIER = "com.shubhang.Go-ContactsTests";
				PRODUCT_NAME = "$(TARGET_NAME)";
				SWIFT_VERSION = 5.0;
				TARGETED_DEVICE_FAMILY = "1,2";
				TEST_HOST = "$(BUILT_PRODUCTS_DIR)/Go-Contacts.app/Go-Contacts";
			};
			name = Debug;
		};
		21872ABA22D65BC7002DCFC0 /* Release */ = {
			isa = XCBuildConfiguration;
			buildSettings = {
				ALWAYS_EMBED_SWIFT_STANDARD_LIBRARIES = YES;
				BUNDLE_LOADER = "$(TEST_HOST)";
				CODE_SIGN_STYLE = Automatic;
				INFOPLIST_FILE = "Go-ContactsTests/Info.plist";
				LD_RUNPATH_SEARCH_PATHS = (
					"$(inherited)",
					"@executable_path/Frameworks",
					"@loader_path/Frameworks",
				);
				PRODUCT_BUNDLE_IDENTIFIER = "com.shubhang.Go-ContactsTests";
				PRODUCT_NAME = "$(TARGET_NAME)";
				SWIFT_VERSION = 5.0;
				TARGETED_DEVICE_FAMILY = "1,2";
				TEST_HOST = "$(BUILT_PRODUCTS_DIR)/Go-Contacts.app/Go-Contacts";
			};
			name = Release;
		};
		21872ABC22D65BC7002DCFC0 /* Debug */ = {
			isa = XCBuildConfiguration;
			buildSettings = {
				ALWAYS_EMBED_SWIFT_STANDARD_LIBRARIES = YES;
				CODE_SIGN_STYLE = Automatic;
				INFOPLIST_FILE = "Go-ContactsUITests/Info.plist";
				LD_RUNPATH_SEARCH_PATHS = (
					"$(inherited)",
					"@executable_path/Frameworks",
					"@loader_path/Frameworks",
				);
				PRODUCT_BUNDLE_IDENTIFIER = "com.shubhang.Go-ContactsUITests";
				PRODUCT_NAME = "$(TARGET_NAME)";
				SWIFT_VERSION = 5.0;
				TARGETED_DEVICE_FAMILY = "1,2";
				TEST_TARGET_NAME = "Go-Contacts";
			};
			name = Debug;
		};
		21872ABD22D65BC7002DCFC0 /* Release */ = {
			isa = XCBuildConfiguration;
			buildSettings = {
				ALWAYS_EMBED_SWIFT_STANDARD_LIBRARIES = YES;
				CODE_SIGN_STYLE = Automatic;
				INFOPLIST_FILE = "Go-ContactsUITests/Info.plist";
				LD_RUNPATH_SEARCH_PATHS = (
					"$(inherited)",
					"@executable_path/Frameworks",
					"@loader_path/Frameworks",
				);
				PRODUCT_BUNDLE_IDENTIFIER = "com.shubhang.Go-ContactsUITests";
				PRODUCT_NAME = "$(TARGET_NAME)";
				SWIFT_VERSION = 5.0;
				TARGETED_DEVICE_FAMILY = "1,2";
				TEST_TARGET_NAME = "Go-Contacts";
			};
			name = Release;
		};
/* End XCBuildConfiguration section */

/* Begin XCConfigurationList section */
		21872A8822D65BC5002DCFC0 /* Build configuration list for PBXProject "Go-Contacts" */ = {
			isa = XCConfigurationList;
			buildConfigurations = (
				21872AB322D65BC7002DCFC0 /* Debug */,
				21872AB422D65BC7002DCFC0 /* Release */,
			);
			defaultConfigurationIsVisible = 0;
			defaultConfigurationName = Release;
		};
		21872AB522D65BC7002DCFC0 /* Build configuration list for PBXNativeTarget "Go-Contacts" */ = {
			isa = XCConfigurationList;
			buildConfigurations = (
				21872AB622D65BC7002DCFC0 /* Debug */,
				21872AB722D65BC7002DCFC0 /* Release */,
			);
			defaultConfigurationIsVisible = 0;
			defaultConfigurationName = Release;
		};
		21872AB822D65BC7002DCFC0 /* Build configuration list for PBXNativeTarget "Go-ContactsTests" */ = {
			isa = XCConfigurationList;
			buildConfigurations = (
				21872AB922D65BC7002DCFC0 /* Debug */,
				21872ABA22D65BC7002DCFC0 /* Release */,
			);
			defaultConfigurationIsVisible = 0;
			defaultConfigurationName = Release;
		};
		21872ABB22D65BC7002DCFC0 /* Build configuration list for PBXNativeTarget "Go-ContactsUITests" */ = {
			isa = XCConfigurationList;
			buildConfigurations = (
				21872ABC22D65BC7002DCFC0 /* Debug */,
				21872ABD22D65BC7002DCFC0 /* Release */,
			);
			defaultConfigurationIsVisible = 0;
			defaultConfigurationName = Release;
		};
/* End XCConfigurationList section */
	};
	rootObject = 21872A8522D65BC5002DCFC0 /* Project object */;
}
